
Microsoft Visual Studio Solution File, Format Version 12.00
# Visual Studio Version 16
VisualStudioVersion = 16.0.31019.35
MinimumVisualStudioVersion = 10.0.40219.1
Project("{6989167D-11E4-40FE-8C1A-2192A86A7E90}") = "20210129TMGM_SCEUA_IVF", "20210129TMGM_SCEUA_IVF.vfproj", "{607B5566-13CA-431E-A2B3-F1D669627CF4}"
EndProject
Global
	GlobalSection(SolutionConfigurationPlatforms) = preSolution
		Debug|x64 = Debug|x64
		Debug|x86 = Debug|x86
		Release|x64 = Release|x64
		Release|x86 = Release|x86
	EndGlobalSection
	GlobalSection(ProjectConfigurationPlatforms) = postSolution
		{607B5566-13CA-431E-A2B3-F1D669627CF4}.Debug|x64.ActiveCfg = Debug|x64
		{607B5566-13CA-431E-A2B3-F1D669627CF4}.Debug|x64.Build.0 = Debug|x64
		{607B5566-13CA-431E-A2B3-F1D669627CF4}.Debug|x86.ActiveCfg = Debug|Win32
		{607B5566-13CA-431E-A2B3-F1D669627CF4}.Debug|x86.Build.0 = Debug|Win32
		{607B5566-13CA-431E-A2B3-F1D669627CF4}.Release|x64.ActiveCfg = Release|x64
		{607B5566-13CA-431E-A2B3-F1D669627CF4}.Release|x64.Build.0 = Release|x64
		{607B5566-13CA-431E-A2B3-F1D669627CF4}.Release|x86.ActiveCfg = Release|Win32
		{607B5566-13CA-431E-A2B3-F1D669627CF4}.Release|x86.Build.0 = Release|Win32
	EndGlobalSection
	GlobalSection(SolutionProperties) = preSolution
		HideSolutionNode = FALSE
	EndGlobalSection
	GlobalSection(ExtensibilityGlobals) = postSolution
		SolutionGuid = {5560B45B-910B-4E6D-822B-5FE2F9ABEFD0}
	EndGlobalSection
EndGlobal
