
Microsoft Visual Studio Solution File, Format Version 12.00
# Visual Studio Version 16
VisualStudioVersion = 16.0.31321.278
MinimumVisualStudioVersion = 10.0.40219.1
Project("{6989167D-11E4-40FE-8C1A-2192A86A7E90}") = "20210622DWBM_SCEUA_IVF率定", "20210622DWBM_SCEUA_IVF率定.vfproj", "{08AD54C6-0715-4DBC-AEB2-315A738AEDD5}"
EndProject
Global
	GlobalSection(SolutionConfigurationPlatforms) = preSolution
		Debug|x64 = Debug|x64
		Debug|x86 = Debug|x86
		Release|x64 = Release|x64
		Release|x86 = Release|x86
	EndGlobalSection
	GlobalSection(ProjectConfigurationPlatforms) = postSolution
		{08AD54C6-0715-4DBC-AEB2-315A738AEDD5}.Debug|x64.ActiveCfg = Debug|x64
		{08AD54C6-0715-4DBC-AEB2-315A738AEDD5}.Debug|x64.Build.0 = Debug|x64
		{08AD54C6-0715-4DBC-AEB2-315A738AEDD5}.Debug|x86.ActiveCfg = Debug|Win32
		{08AD54C6-0715-4DBC-AEB2-315A738AEDD5}.Debug|x86.Build.0 = Debug|Win32
		{08AD54C6-0715-4DBC-AEB2-315A738AEDD5}.Release|x64.ActiveCfg = Release|x64
		{08AD54C6-0715-4DBC-AEB2-315A738AEDD5}.Release|x64.Build.0 = Release|x64
		{08AD54C6-0715-4DBC-AEB2-315A738AEDD5}.Release|x86.ActiveCfg = Release|Win32
		{08AD54C6-0715-4DBC-AEB2-315A738AEDD5}.Release|x86.Build.0 = Release|Win32
	EndGlobalSection
	GlobalSection(SolutionProperties) = preSolution
		HideSolutionNode = FALSE
	EndGlobalSection
	GlobalSection(ExtensibilityGlobals) = postSolution
		SolutionGuid = {BBCB158F-F539-48DC-A27B-5F1F628A5773}
	EndGlobalSection
EndGlobal
